
Microsoft Visual Studio Solution File, Format Version 12.00
# Visual Studio Version 17
VisualStudioVersion = 17.8.34322.80
MinimumVisualStudioVersion = 10.0.40219.1
Project("{9A19103F-16F7-4668-BE54-9A1E7A4F7556}") = "animation", "animation\animation.csproj", "{866D9D87-43B1-4585-96D2-B0A2E515061B}"
EndProject
Project("{9A19103F-16F7-4668-BE54-9A1E7A4F7556}") = "Restaurant", "..\..\..\Downloads\Restaurant\Restaurant.csproj", "{AD971F4E-DD2F-4585-A9B6-BBFB33726C2C}"
EndProject
Global
	GlobalSection(SolutionConfigurationPlatforms) = preSolution
		Debug|Any CPU = Debug|Any CPU
		Release|Any CPU = Release|Any CPU
	EndGlobalSection
	GlobalSection(ProjectConfigurationPlatforms) = postSolution
		{866D9D87-43B1-4585-96D2-B0A2E515061B}.Debug|Any CPU.ActiveCfg = Debug|Any CPU
		{866D9D87-43B1-4585-96D2-B0A2E515061B}.Debug|Any CPU.Build.0 = Debug|Any CPU
		{866D9D87-43B1-4585-96D2-B0A2E515061B}.Release|Any CPU.ActiveCfg = Release|Any CPU
		{866D9D87-43B1-4585-96D2-B0A2E515061B}.Release|Any CPU.Build.0 = Release|Any CPU
		{AD971F4E-DD2F-4585-A9B6-BBFB33726C2C}.Debug|Any CPU.ActiveCfg = Debug|Any CPU
		{AD971F4E-DD2F-4585-A9B6-BBFB33726C2C}.Debug|Any CPU.Build.0 = Debug|Any CPU
		{AD971F4E-DD2F-4585-A9B6-BBFB33726C2C}.Release|Any CPU.ActiveCfg = Release|Any CPU
		{AD971F4E-DD2F-4585-A9B6-BBFB33726C2C}.Release|Any CPU.Build.0 = Release|Any CPU
	EndGlobalSection
	GlobalSection(SolutionProperties) = preSolution
		HideSolutionNode = FALSE
	EndGlobalSection
	GlobalSection(ExtensibilityGlobals) = postSolution
		SolutionGuid = {DDA27A89-7211-4F24-98EF-0F341620D382}
	EndGlobalSection
EndGlobal
