
Microsoft Visual Studio Solution File, Format Version 12.00
Project("{FAE04EC0-301F-11D3-BF4B-00C04F79EFBC}") = "GUI_KITCHEN", "GUI_KITCHEN\GUI_KITCHEN.csproj", "{F592C820-0128-4789-95DF-68FB8B888A22}"
EndProject
Project("{2150E333-8FDC-42A3-9474-1A3956D46DE8}") = "Views", "Views", "{E31BC7D5-154C-4CAE-B292-A0AD0842310A}"
EndProject
Project("{FAE04EC0-301F-11D3-BF4B-00C04F79EFBC}") = "GUI_RestaurantRoom", "GUI_RestaurantRoom\GUI_RestaurantRoom.csproj", "{2853D47C-454E-4358-899A-BEA877EA4011}"
EndProject
Project("{FAE04EC0-301F-11D3-BF4B-00C04F79EFBC}") = "Dashboard", "Dashboard\Dashboard.csproj", "{6BC94E9A-8E1E-4C20-80F6-9F9BE1EE5FFE}"
EndProject
Project("{2150E333-8FDC-42A3-9474-1A3956D46DE8}") = "Model", "Model", "{CE2DA5D0-654F-4988-B37B-4759ACB1FD4F}"
EndProject
Project("{2150E333-8FDC-42A3-9474-1A3956D46DE8}") = "Controller", "Controller", "{2E3F0DAE-BA0A-4A9F-975E-A3220D68967A}"
EndProject
Project("{2150E333-8FDC-42A3-9474-1A3956D46DE8}") = "DAO", "DAO", "{9ACD1807-13B8-4263-BEFD-E3D97AA586DE}"
EndProject
Project("{FAE04EC0-301F-11D3-BF4B-00C04F79EFBC}") = "KitechenController", "KitechenController\KitechenController.csproj", "{D204C507-AE5A-4FF5-8107-59E20DC31675}"
EndProject
Project("{FAE04EC0-301F-11D3-BF4B-00C04F79EFBC}") = "RestaurantController", "RestaurantController\RestaurantController.csproj", "{5DD23EE1-0916-4CF3-9773-49A44EE90429}"
EndProject
Global
	GlobalSection(SolutionConfigurationPlatforms) = preSolution
		Debug|Any CPU = Debug|Any CPU
		Release|Any CPU = Release|Any CPU
	EndGlobalSection
	GlobalSection(ProjectConfigurationPlatforms) = postSolution
		{F592C820-0128-4789-95DF-68FB8B888A22}.Debug|Any CPU.ActiveCfg = Debug|Any CPU
		{F592C820-0128-4789-95DF-68FB8B888A22}.Debug|Any CPU.Build.0 = Debug|Any CPU
		{F592C820-0128-4789-95DF-68FB8B888A22}.Release|Any CPU.ActiveCfg = Release|Any CPU
		{F592C820-0128-4789-95DF-68FB8B888A22}.Release|Any CPU.Build.0 = Release|Any CPU
		{2853D47C-454E-4358-899A-BEA877EA4011}.Debug|Any CPU.ActiveCfg = Debug|Any CPU
		{2853D47C-454E-4358-899A-BEA877EA4011}.Debug|Any CPU.Build.0 = Debug|Any CPU
		{2853D47C-454E-4358-899A-BEA877EA4011}.Release|Any CPU.ActiveCfg = Release|Any CPU
		{2853D47C-454E-4358-899A-BEA877EA4011}.Release|Any CPU.Build.0 = Release|Any CPU
		{6BC94E9A-8E1E-4C20-80F6-9F9BE1EE5FFE}.Debug|Any CPU.ActiveCfg = Debug|Any CPU
		{6BC94E9A-8E1E-4C20-80F6-9F9BE1EE5FFE}.Debug|Any CPU.Build.0 = Debug|Any CPU
		{6BC94E9A-8E1E-4C20-80F6-9F9BE1EE5FFE}.Release|Any CPU.ActiveCfg = Release|Any CPU
		{6BC94E9A-8E1E-4C20-80F6-9F9BE1EE5FFE}.Release|Any CPU.Build.0 = Release|Any CPU
		{D204C507-AE5A-4FF5-8107-59E20DC31675}.Debug|Any CPU.ActiveCfg = Debug|Any CPU
		{D204C507-AE5A-4FF5-8107-59E20DC31675}.Debug|Any CPU.Build.0 = Debug|Any CPU
		{D204C507-AE5A-4FF5-8107-59E20DC31675}.Release|Any CPU.ActiveCfg = Release|Any CPU
		{D204C507-AE5A-4FF5-8107-59E20DC31675}.Release|Any CPU.Build.0 = Release|Any CPU
		{5DD23EE1-0916-4CF3-9773-49A44EE90429}.Debug|Any CPU.ActiveCfg = Debug|Any CPU
		{5DD23EE1-0916-4CF3-9773-49A44EE90429}.Debug|Any CPU.Build.0 = Debug|Any CPU
		{5DD23EE1-0916-4CF3-9773-49A44EE90429}.Release|Any CPU.ActiveCfg = Release|Any CPU
		{5DD23EE1-0916-4CF3-9773-49A44EE90429}.Release|Any CPU.Build.0 = Release|Any CPU
	EndGlobalSection
	GlobalSection(NestedProjects) = preSolution
		{F592C820-0128-4789-95DF-68FB8B888A22} = {E31BC7D5-154C-4CAE-B292-A0AD0842310A}
		{2853D47C-454E-4358-899A-BEA877EA4011} = {E31BC7D5-154C-4CAE-B292-A0AD0842310A}
		{6BC94E9A-8E1E-4C20-80F6-9F9BE1EE5FFE} = {E31BC7D5-154C-4CAE-B292-A0AD0842310A}
		{9ACD1807-13B8-4263-BEFD-E3D97AA586DE} = {CE2DA5D0-654F-4988-B37B-4759ACB1FD4F}
		{D204C507-AE5A-4FF5-8107-59E20DC31675} = {2E3F0DAE-BA0A-4A9F-975E-A3220D68967A}
		{5DD23EE1-0916-4CF3-9773-49A44EE90429} = {2E3F0DAE-BA0A-4A9F-975E-A3220D68967A}
	EndGlobalSection
EndGlobal
